{
  "version": 4,
  "terraform_version": "1.5.7",
  "serial": 12,
  "lineage": "0d4c0c75-20f8-c757-82c0-befda8958e71",
  "outputs": {
    "repository_url": {
      "value": "https://github.com/KaranbirSinghAhluwalia/terraform-repo",
      "type": "string"
    }
  },
  "resources": [
    {
      "module": "module.repository",
      "mode": "managed",
      "type": "github_issue_label",
      "name": "label",
      "provider": "provider[\"registry.terraform.io/integrations/github\"]",
      "instances": [
        {
          "index_key": "bug",
          "schema_version": 0,
          "attributes": {
            "color": "d73a4a",
            "description": "Something isn't working",
            "etag": "W/\"e47bc26a92001ad31d8c59f7e4bacca54af5a1767a7d4ffb947720b782e408ad\"",
            "id": "terraform-repo:bug",
            "name": "bug",
            "repository": "terraform-repo",
            "url": "https://api.github.com/repos/KaranbirSinghAhluwalia/terraform-repo/labels/bug"
          },
          "sensitive_attributes": [],
          "private": "bnVsbA==",
          "dependencies": [
            "module.repository.github_repository.repository"
          ]
        },
        {
          "index_key": "documentation",
          "schema_version": 0,
          "attributes": {
            "color": "0075ca",
            "description": "Improvements or additions to documentation",
            "etag": "W/\"c22d36cdcb9dc8fb092a637b21875e0521f65fc4dba7d63b39da1a8c4f57ed3d\"",
            "id": "terraform-repo:documentation",
            "name": "documentation",
            "repository": "terraform-repo",
            "url": "https://api.github.com/repos/KaranbirSinghAhluwalia/terraform-repo/labels/documentation"
          },
          "sensitive_attributes": [],
          "private": "bnVsbA==",
          "dependencies": [
            "module.repository.github_repository.repository"
          ]
        },
        {
          "index_key": "duplicate",
          "schema_version": 0,
          "attributes": {
            "color": "cfd3d7",
            "description": "This issue or pull request already exists",
            "etag": "W/\"15255be3de4c80e9adff3c462a4b3624a16026ef4b2249f52bd2944a12b866b4\"",
            "id": "terraform-repo:duplicate",
            "name": "duplicate",
            "repository": "terraform-repo",
            "url": "https://api.github.com/repos/KaranbirSinghAhluwalia/terraform-repo/labels/duplicate"
          },
          "sensitive_attributes": [],
          "private": "bnVsbA==",
          "dependencies": [
            "module.repository.github_repository.repository"
          ]
        },
        {
          "index_key": "enhancement",
          "schema_version": 0,
          "attributes": {
            "color": "a2eeef",
            "description": "New feature or request",
            "etag": "W/\"ab311150c7e52ae3be21dc5e573ac06e7145469074a527e72eef9d8ef04d29b4\"",
            "id": "terraform-repo:enhancement",
            "name": "enhancement",
            "repository": "terraform-repo",
            "url": "https://api.github.com/repos/KaranbirSinghAhluwalia/terraform-repo/labels/enhancement"
          },
          "sensitive_attributes": [],
          "private": "bnVsbA==",
          "dependencies": [
            "module.repository.github_repository.repository"
          ]
        },
        {
          "index_key": "good first issue",
          "schema_version": 0,
          "attributes": {
            "color": "7057ff",
            "description": "Good for newcomers",
            "etag": "W/\"9935e576efdb9d0920e3ecd634a5367eb7249251d23acf85dfd3dfd1a3d5ca51\"",
            "id": "terraform-repo:good first issue",
            "name": "good first issue",
            "repository": "terraform-repo",
            "url": "https://api.github.com/repos/KaranbirSinghAhluwalia/terraform-repo/labels/good%20first%20issue"
          },
          "sensitive_attributes": [],
          "private": "bnVsbA==",
          "dependencies": [
            "module.repository.github_repository.repository"
          ]
        },
        {
          "index_key": "help wanted",
          "schema_version": 0,
          "attributes": {
            "color": "008672",
            "description": "Extra attention is needed",
            "etag": "W/\"0c5eb39188c1a508fae4fe9c29e43f13865625749ce2a97acce290a3d41997e5\"",
            "id": "terraform-repo:help wanted",
            "name": "help wanted",
            "repository": "terraform-repo",
            "url": "https://api.github.com/repos/KaranbirSinghAhluwalia/terraform-repo/labels/help%20wanted"
          },
          "sensitive_attributes": [],
          "private": "bnVsbA==",
          "dependencies": [
            "module.repository.github_repository.repository"
          ]
        },
        {
          "index_key": "invalid",
          "schema_version": 0,
          "attributes": {
            "color": "e4e669",
            "description": "This doesn't seem right",
            "etag": "W/\"c3edd01266eb8bb93509bd2968189f68178a8606eb2c61dde26efdd5ea583abb\"",
            "id": "terraform-repo:invalid",
            "name": "invalid",
            "repository": "terraform-repo",
            "url": "https://api.github.com/repos/KaranbirSinghAhluwalia/terraform-repo/labels/invalid"
          },
          "sensitive_attributes": [],
          "private": "bnVsbA==",
          "dependencies": [
            "module.repository.github_repository.repository"
          ]
        },
        {
          "index_key": "question",
          "schema_version": 0,
          "attributes": {
            "color": "d876e3",
            "description": "Further information is requested",
            "etag": "W/\"64d80468fd56ab47da2ab7548620e4e3da1f6eadc55d0822b1b3128422732de9\"",
            "id": "terraform-repo:question",
            "name": "question",
            "repository": "terraform-repo",
            "url": "https://api.github.com/repos/KaranbirSinghAhluwalia/terraform-repo/labels/question"
          },
          "sensitive_attributes": [],
          "private": "bnVsbA==",
          "dependencies": [
            "module.repository.github_repository.repository"
          ]
        },
        {
          "index_key": "wontfix",
          "schema_version": 0,
          "attributes": {
            "color": "ffffff",
            "description": "This will not be worked on",
            "etag": "W/\"7592cc7036df01f67ad87d7e20bfe7b4c1a8c55f14211b2f105f216a633e7f7e\"",
            "id": "terraform-repo:wontfix",
            "name": "wontfix",
            "repository": "terraform-repo",
            "url": "https://api.github.com/repos/KaranbirSinghAhluwalia/terraform-repo/labels/wontfix"
          },
          "sensitive_attributes": [],
          "private": "bnVsbA==",
          "dependencies": [
            "module.repository.github_repository.repository"
          ]
        }
      ]
    },
    {
      "module": "module.repository",
      "mode": "managed",
      "type": "github_repository",
      "name": "repository",
      "provider": "provider[\"registry.terraform.io/integrations/github\"]",
      "instances": [
        {
          "schema_version": 1,
          "attributes": {
            "allow_auto_merge": false,
            "allow_merge_commit": false,
            "allow_rebase_merge": false,
            "allow_squash_merge": true,
            "allow_update_branch": false,
            "archive_on_destroy": true,
            "archived": false,
            "auto_init": true,
            "default_branch": "main",
            "delete_branch_on_merge": true,
            "description": "Terraform managed repo one",
            "etag": "W/\"d785efc88b0d73e8e89ed639c36c1f421baa4398740a7ecaff12879ed550c33f\"",
            "full_name": "KaranbirSinghAhluwalia/terraform-repo",
            "git_clone_url": "git://github.com/KaranbirSinghAhluwalia/terraform-repo.git",
            "gitignore_template": "Terraform",
            "has_discussions": false,
            "has_downloads": false,
            "has_issues": true,
            "has_projects": false,
            "has_wiki": false,
            "homepage_url": "",
            "html_url": "https://github.com/KaranbirSinghAhluwalia/terraform-repo",
            "http_clone_url": "https://github.com/KaranbirSinghAhluwalia/terraform-repo.git",
            "id": "terraform-repo",
            "ignore_vulnerability_alerts_during_read": null,
            "is_template": false,
            "license_template": "mit",
            "merge_commit_message": "PR_TITLE",
            "merge_commit_title": "MERGE_MESSAGE",
            "name": "terraform-repo",
            "node_id": "R_kgDOPaPNmA",
            "pages": [],
            "primary_language": "",
            "private": true,
            "repo_id": 1034145176,
            "security_and_analysis": [],
            "squash_merge_commit_message": "COMMIT_MESSAGES",
            "squash_merge_commit_title": "COMMIT_OR_PR_TITLE",
            "ssh_clone_url": "git@github.com:KaranbirSinghAhluwalia/terraform-repo.git",
            "svn_url": "https://github.com/KaranbirSinghAhluwalia/terraform-repo",
            "template": [],
            "topics": [
              "iac",
              "terraform"
            ],
            "visibility": "private",
            "vulnerability_alerts": false,
            "web_commit_signoff_required": false
          },
          "sensitive_attributes": [],
          "private": "eyJzY2hlbWFfdmVyc2lvbiI6IjEifQ=="
        }
      ]
    }
  ],
  "check_results": null
}
